# This file is automatically @generated by Cargo.
# It is not intended for manual editing.
version = 4

[[package]]
name = "arcweft-cli"
version = "0.1.0"

[[package]]
name = "arcweft-core"
version = "0.1.0"
dependencies = [
 "arcweft-dialogue",
 "arcweft-id",
 "arcweft-need",
 "arcweft-source",
]

[[package]]
name = "arcweft-dialogue"
version = "0.1.0"
dependencies = [
 "arcweft-id",
 "arcweft-source",
]

[[package]]
name = "arcweft-id"
version = "0.1.0"

[[package]]
name = "arcweft-lang-syntax"
version = "0.1.0"
dependencies = [
 "arcweft-source",
]

[[package]]
name = "arcweft-need"
version = "0.1.0"

[[package]]
name = "arcweft-source"
version = "0.1.0"
