{
  "version": "5",
  "specifiers": {
    "npm:playwright@1.53.0": "1.53.0"
  },
  "npm": {
    "fsevents@2.3.2": {
      "integrity": "sha512-xiqMQR4xAeHTuB9uWm+fFRcIOgKBMiOBP+eXiyT7jsgVCq1bkVygt00oASowB7EdtpOHaaPgKt812P9ab+DDKA==",
      "os": ["darwin"],
      "scripts": true
    },
    "playwright-core@1.53.0": {
      "integrity": "sha512-mGLg8m0pm4+mmtB7M89Xw/GSqoNC+twivl8ITteqvAndachozYe2ZA7srU6uleV1vEdAHYqjq+SV8SNxRRFYBw==",
      "bin": true
    },
    "playwright@1.53.0": {
      "integrity": "sha512-ghGNnIEYZC4E+YtclRn4/p6oYbdPiASELBIYkBXfaTVKreQUYbMUYQDwS12a8F0/HtIjr/CkGjtwABeFPGcS4Q==",
      "dependencies": [
        "playwright-core"
      ],
      "optionalDependencies": [
        "fsevents"
      ],
      "bin": true
    }
  },
  "workspace": {
    "dependencies": [
      "npm:playwright@1.53.0"
    ]
  }
}
